
Microsoft Visual Studio Solution File, Format Version 12.00
# Visual Studio Version 16
VisualStudioVersion = 16.0.30114.105
MinimumVisualStudioVersion = 10.0.40219.1
Project("{FAE04EC0-301F-11D3-BF4B-00C04F79EFBC}") = "GangaPrakashAPI.Model", "GangaPrakashAPI.Model\GangaPrakashAPI.Model.csproj", "{394335C8-66AA-4C40-9D84-D531A0645A5A}"
EndProject
Global
	GlobalSection(SolutionConfigurationPlatforms) = preSolution
		Debug|Any CPU = Debug|Any CPU
		Release|Any CPU = Release|Any CPU
	EndGlobalSection
	GlobalSection(ProjectConfigurationPlatforms) = postSolution
		{394335C8-66AA-4C40-9D84-D531A0645A5A}.Debug|Any CPU.ActiveCfg = Debug|Any CPU
		{394335C8-66AA-4C40-9D84-D531A0645A5A}.Debug|Any CPU.Build.0 = Debug|Any CPU
		{394335C8-66AA-4C40-9D84-D531A0645A5A}.Release|Any CPU.ActiveCfg = Release|Any CPU
		{394335C8-66AA-4C40-9D84-D531A0645A5A}.Release|Any CPU.Build.0 = Release|Any CPU
	EndGlobalSection
	GlobalSection(SolutionProperties) = preSolution
		HideSolutionNode = FALSE
	EndGlobalSection
	GlobalSection(ExtensibilityGlobals) = postSolution
		SolutionGuid = {545035F8-6D26-401D-A32A-59288E393DAE}
	EndGlobalSection
EndGlobal
